PODS:
  - Aerodramus (0.1.0):
    - ISO8601DateFormatter
  - Expecta (1.0.0)
  - ISO8601DateFormatter (0.7)
  - Keys (1.0.0)
  - Specta (1.0.2)

DEPENDENCIES:
  - Aerodramus (from `../`)
  - Expecta
  - Keys (from `Pods/CocoaPodsKeys`)
  - Specta

EXTERNAL SOURCES:
  Aerodramus:
    :path: "../"
  Keys:
    :path: Pods/CocoaPodsKeys

SPEC CHECKSUMS:
  Aerodramus: 407381d6641e32924f59640eb499b410ab6cb15f
  Expecta: 32604574add2c46a36f8d2f716b6c5736eb75024
  ISO8601DateFormatter: ab926648eebe497f4d167c0fd083992f959f1274
  Keys: 9c35bf00f612ee1d48556f4a4b9b4551e224e90f
  Specta: 9cec98310dca411f7c7ffd6943552b501622abfe

PODFILE CHECKSUM: 2c8ce2c120ca39de38a2a84c653ca1ef43a84213

COCOAPODS: 1.2.0
