PODS:
  - Aerodramus (2.0.0):
    - ISO8601DateFormatter
  - Expecta (1.0.6)
  - Forgeries (1.0.0):
    - Forgeries/Core (= 1.0.0)
  - Forgeries/Core (1.0.0)
  - ISO8601DateFormatter (0.8)
  - Specta (1.0.7)

DEPENDENCIES:
  - Aerodramus (from `../`)
  - Expecta
  - Forgeries
  - Specta

SPEC REPOS:
  trunk:
    - Expecta
    - Forgeries
    - ISO8601DateFormatter
    - Specta

EXTERNAL SOURCES:
  Aerodramus:
    :path: "../"

SPEC CHECKSUMS:
  Aerodramus: 38d9bf0415187247fe0f771904822ebf5c127e31
  Expecta: 3b6bd90a64b9a1dcb0b70aa0e10a7f8f631667d5
  Forgeries: 64ced144ea8341d89a7eec9d1d7986f0f1366250
  ISO8601DateFormatter: 4551b6ce4f83185425f583b0b3feb3c7b59b942c
  Specta: 3e1bd89c3517421982dc4d1c992503e48bd5fe66

PODFILE CHECKSUM: 946a626cd9cdee6d2237156687b8b08d0aaee317

COCOAPODS: 1.9.3
